
Microsoft Visual Studio Solution File, Format Version 12.00
# Visual Studio Version 17
VisualStudioVersion = 17.8.34316.72
MinimumVisualStudioVersion = 10.0.40219.1
Project("{FAE04EC0-301F-11D3-BF4B-00C04F79EFBC}") = "Assessment", "Assessment\Assessment.csproj", "{F7C5178B-91F8-469A-BA3B-2FF59F32B27A}"
EndProject
Global
	GlobalSection(SolutionConfigurationPlatforms) = preSolution
		Debug|Any CPU = Debug|Any CPU
		Release|Any CPU = Release|Any CPU
	EndGlobalSection
	GlobalSection(ProjectConfigurationPlatforms) = postSolution
		{F7C5178B-91F8-469A-BA3B-2FF59F32B27A}.Debug|Any CPU.ActiveCfg = Debug|Any CPU
		{F7C5178B-91F8-469A-BA3B-2FF59F32B27A}.Debug|Any CPU.Build.0 = Debug|Any CPU
		{F7C5178B-91F8-469A-BA3B-2FF59F32B27A}.Release|Any CPU.ActiveCfg = Release|Any CPU
		{F7C5178B-91F8-469A-BA3B-2FF59F32B27A}.Release|Any CPU.Build.0 = Release|Any CPU
	EndGlobalSection
	GlobalSection(SolutionProperties) = preSolution
		HideSolutionNode = FALSE
	EndGlobalSection
	GlobalSection(ExtensibilityGlobals) = postSolution
		SolutionGuid = {E1B4994F-C92D-40BD-9A92-77BB1A93A3BB}
	EndGlobalSection
EndGlobal
